
Microsoft Visual Studio Solution File, Format Version 12.00
# Visual Studio Version 17
VisualStudioVersion = 17.7.34031.279
MinimumVisualStudioVersion = 10.0.40219.1
Project("{FAE04EC0-301F-11D3-BF4B-00C04F79EFBC}") = "Lab6.2_SamuelCamirand", "Lab6.2_SamuelCamirand\Lab6.2_SamuelCamirand.csproj", "{7D69EB91-EAC7-473B-8FF8-3E1891A9882C}"
EndProject
Global
	GlobalSection(SolutionConfigurationPlatforms) = preSolution
		Debug|Any CPU = Debug|Any CPU
		Release|Any CPU = Release|Any CPU
	EndGlobalSection
	GlobalSection(ProjectConfigurationPlatforms) = postSolution
		{7D69EB91-EAC7-473B-8FF8-3E1891A9882C}.Debug|Any CPU.ActiveCfg = Debug|Any CPU
		{7D69EB91-EAC7-473B-8FF8-3E1891A9882C}.Debug|Any CPU.Build.0 = Debug|Any CPU
		{7D69EB91-EAC7-473B-8FF8-3E1891A9882C}.Release|Any CPU.ActiveCfg = Release|Any CPU
		{7D69EB91-EAC7-473B-8FF8-3E1891A9882C}.Release|Any CPU.Build.0 = Release|Any CPU
	EndGlobalSection
	GlobalSection(SolutionProperties) = preSolution
		HideSolutionNode = FALSE
	EndGlobalSection
	GlobalSection(ExtensibilityGlobals) = postSolution
		SolutionGuid = {CC4A52AE-4184-4574-9CE6-D23A40828D5A}
	EndGlobalSection
EndGlobal
